
Microsoft Visual Studio Solution File, Format Version 12.00
# Visual Studio Version 17
VisualStudioVersion = 17.5.33516.290
MinimumVisualStudioVersion = 10.0.40219.1
Project("{9A19103F-16F7-4668-BE54-9A1E7A4F7556}") = "MStarSupplyApi", "MStarSupplyApi\MStarSupplyApi.csproj", "{0835BEA5-A650-41A8-8B2F-DB9606E30F5C}"
EndProject
Project("{9A19103F-16F7-4668-BE54-9A1E7A4F7556}") = "MStarSupply.Models", "MStarSupply.Models\MStarSupply.Models.csproj", "{D12DF7DF-D352-4311-A1FD-3D5745B8E9E0}"
EndProject
Project("{9A19103F-16F7-4668-BE54-9A1E7A4F7556}") = "MStarSupply.Services", "MStarSupply.Services\MStarSupply.Services.csproj", "{17AADC43-8983-4DB9-A5A2-206AEA8BFD76}"
EndProject
Project("{9A19103F-16F7-4668-BE54-9A1E7A4F7556}") = "MStarSupply.Repository", "MStarSupply.Repository\MStarSupply.Repository.csproj", "{6F1CAE9E-C2AC-4166-80F8-58B22CF0C72E}"
EndProject
Project("{FAE04EC0-301F-11D3-BF4B-00C04F79EFBC}") = "MStarSupply.ServicesTest", "MStarSupply.ServicesTest\MStarSupply.ServicesTest.csproj", "{77C62195-5FB4-4ED9-9F31-972B29D5DBEA}"
EndProject
Global
	GlobalSection(SolutionConfigurationPlatforms) = preSolution
		Debug|Any CPU = Debug|Any CPU
		Release|Any CPU = Release|Any CPU
	EndGlobalSection
	GlobalSection(ProjectConfigurationPlatforms) = postSolution
		{0835BEA5-A650-41A8-8B2F-DB9606E30F5C}.Debug|Any CPU.ActiveCfg = Debug|Any CPU
		{0835BEA5-A650-41A8-8B2F-DB9606E30F5C}.Debug|Any CPU.Build.0 = Debug|Any CPU
		{0835BEA5-A650-41A8-8B2F-DB9606E30F5C}.Release|Any CPU.ActiveCfg = Release|Any CPU
		{0835BEA5-A650-41A8-8B2F-DB9606E30F5C}.Release|Any CPU.Build.0 = Release|Any CPU
		{D12DF7DF-D352-4311-A1FD-3D5745B8E9E0}.Debug|Any CPU.ActiveCfg = Debug|Any CPU
		{D12DF7DF-D352-4311-A1FD-3D5745B8E9E0}.Debug|Any CPU.Build.0 = Debug|Any CPU
		{D12DF7DF-D352-4311-A1FD-3D5745B8E9E0}.Release|Any CPU.ActiveCfg = Release|Any CPU
		{D12DF7DF-D352-4311-A1FD-3D5745B8E9E0}.Release|Any CPU.Build.0 = Release|Any CPU
		{17AADC43-8983-4DB9-A5A2-206AEA8BFD76}.Debug|Any CPU.ActiveCfg = Debug|Any CPU
		{17AADC43-8983-4DB9-A5A2-206AEA8BFD76}.Debug|Any CPU.Build.0 = Debug|Any CPU
		{17AADC43-8983-4DB9-A5A2-206AEA8BFD76}.Release|Any CPU.ActiveCfg = Release|Any CPU
		{17AADC43-8983-4DB9-A5A2-206AEA8BFD76}.Release|Any CPU.Build.0 = Release|Any CPU
		{6F1CAE9E-C2AC-4166-80F8-58B22CF0C72E}.Debug|Any CPU.ActiveCfg = Debug|Any CPU
		{6F1CAE9E-C2AC-4166-80F8-58B22CF0C72E}.Debug|Any CPU.Build.0 = Debug|Any CPU
		{6F1CAE9E-C2AC-4166-80F8-58B22CF0C72E}.Release|Any CPU.ActiveCfg = Release|Any CPU
		{6F1CAE9E-C2AC-4166-80F8-58B22CF0C72E}.Release|Any CPU.Build.0 = Release|Any CPU
		{77C62195-5FB4-4ED9-9F31-972B29D5DBEA}.Debug|Any CPU.ActiveCfg = Debug|Any CPU
		{77C62195-5FB4-4ED9-9F31-972B29D5DBEA}.Debug|Any CPU.Build.0 = Debug|Any CPU
		{77C62195-5FB4-4ED9-9F31-972B29D5DBEA}.Release|Any CPU.ActiveCfg = Release|Any CPU
		{77C62195-5FB4-4ED9-9F31-972B29D5DBEA}.Release|Any CPU.Build.0 = Release|Any CPU
	EndGlobalSection
	GlobalSection(SolutionProperties) = preSolution
		HideSolutionNode = FALSE
	EndGlobalSection
	GlobalSection(ExtensibilityGlobals) = postSolution
		SolutionGuid = {7D81139C-8A82-4FF8-A362-4C60FB6B7CF2}
	EndGlobalSection
EndGlobal
